
Microsoft Visual Studio Solution File, Format Version 12.00
# Visual Studio Version 17
VisualStudioVersion = 17.11.35327.3
MinimumVisualStudioVersion = 10.0.40219.1
Project("{FAE04EC0-301F-11D3-BF4B-00C04F79EFBC}") = "Constructor", "Constructor\Constructor.csproj", "{EBC56CA1-603C-4E50-94A1-88D5BDB2C15D}"
EndProject
Global
	GlobalSection(SolutionConfigurationPlatforms) = preSolution
		Debug|Any CPU = Debug|Any CPU
		Release|Any CPU = Release|Any CPU
	EndGlobalSection
	GlobalSection(ProjectConfigurationPlatforms) = postSolution
		{EBC56CA1-603C-4E50-94A1-88D5BDB2C15D}.Debug|Any CPU.ActiveCfg = Debug|Any CPU
		{EBC56CA1-603C-4E50-94A1-88D5BDB2C15D}.Debug|Any CPU.Build.0 = Debug|Any CPU
		{EBC56CA1-603C-4E50-94A1-88D5BDB2C15D}.Release|Any CPU.ActiveCfg = Release|Any CPU
		{EBC56CA1-603C-4E50-94A1-88D5BDB2C15D}.Release|Any CPU.Build.0 = Release|Any CPU
	EndGlobalSection
	GlobalSection(SolutionProperties) = preSolution
		HideSolutionNode = FALSE
	EndGlobalSection
	GlobalSection(ExtensibilityGlobals) = postSolution
		SolutionGuid = {0B9D0347-72BC-416D-8D36-48360DBE7062}
	EndGlobalSection
EndGlobal
